
Microsoft Visual Studio Solution File, Format Version 12.00
# Visual Studio Version 16
VisualStudioVersion = 16.0.30804.86
MinimumVisualStudioVersion = 10.0.40219.1
Project("{FAE04EC0-301F-11D3-BF4B-00C04F79EFBC}") = "InventoryControlSystem", "InventoryControlSystem\InventoryControlSystem.csproj", "{2D1FA7F9-A735-4153-AA9F-3F376378BA6E}"
EndProject
Global
	GlobalSection(SolutionConfigurationPlatforms) = preSolution
		Debug|Any CPU = Debug|Any CPU
		Release|Any CPU = Release|Any CPU
	EndGlobalSection
	GlobalSection(ProjectConfigurationPlatforms) = postSolution
		{2D1FA7F9-A735-4153-AA9F-3F376378BA6E}.Debug|Any CPU.ActiveCfg = Debug|Any CPU
		{2D1FA7F9-A735-4153-AA9F-3F376378BA6E}.Debug|Any CPU.Build.0 = Debug|Any CPU
		{2D1FA7F9-A735-4153-AA9F-3F376378BA6E}.Release|Any CPU.ActiveCfg = Release|Any CPU
		{2D1FA7F9-A735-4153-AA9F-3F376378BA6E}.Release|Any CPU.Build.0 = Release|Any CPU
	EndGlobalSection
	GlobalSection(SolutionProperties) = preSolution
		HideSolutionNode = FALSE
	EndGlobalSection
	GlobalSection(ExtensibilityGlobals) = postSolution
		SolutionGuid = {57165803-9FB1-4ACF-9D4C-996BEDA08FFC}
	EndGlobalSection
EndGlobal
